
Microsoft Visual Studio Solution File, Format Version 12.00
# Visual Studio Version 16
VisualStudioVersion = 16.0.30406.217
MinimumVisualStudioVersion = 10.0.40219.1
Project("{FAE04EC0-301F-11D3-BF4B-00C04F79EFBC}") = "Vaida_Sabina_Proiect", "Vaida_Sabina_Proiect.csproj", "{C2330BD5-4C32-4DF0-B038-212CEC3FE08C}"
EndProject
Global
	GlobalSection(SolutionConfigurationPlatforms) = preSolution
		Debug|Any CPU = Debug|Any CPU
		Release|Any CPU = Release|Any CPU
	EndGlobalSection
	GlobalSection(ProjectConfigurationPlatforms) = postSolution
		{C2330BD5-4C32-4DF0-B038-212CEC3FE08C}.Debug|Any CPU.ActiveCfg = Debug|Any CPU
		{C2330BD5-4C32-4DF0-B038-212CEC3FE08C}.Debug|Any CPU.Build.0 = Debug|Any CPU
		{C2330BD5-4C32-4DF0-B038-212CEC3FE08C}.Release|Any CPU.ActiveCfg = Release|Any CPU
		{C2330BD5-4C32-4DF0-B038-212CEC3FE08C}.Release|Any CPU.Build.0 = Release|Any CPU
	EndGlobalSection
	GlobalSection(SolutionProperties) = preSolution
		HideSolutionNode = FALSE
	EndGlobalSection
	GlobalSection(ExtensibilityGlobals) = postSolution
		SolutionGuid = {587E699A-6672-4900-BC12-9D1B074854CC}
	EndGlobalSection
EndGlobal
